
Microsoft Visual Studio Solution File, Format Version 12.00
# Visual Studio Version 17
VisualStudioVersion = 17.8.34330.188
MinimumVisualStudioVersion = 10.0.40219.1
Project("{2150E333-8FDC-42A3-9474-1A3956D46DE8}") = "Core", "Core", "{D9D51364-8E01-4524-970D-52E33A03F806}"
EndProject
Project("{2150E333-8FDC-42A3-9474-1A3956D46DE8}") = "Domain", "Domain", "{9ACC3A31-9636-46D4-A364-C12D77C8591F}"
EndProject
Project("{2150E333-8FDC-42A3-9474-1A3956D46DE8}") = "Extension", "Extension", "{60BE727B-E987-4E5E-ADC1-139D69A9030B}"
EndProject
Project("{2150E333-8FDC-42A3-9474-1A3956D46DE8}") = "Interface", "Interface", "{309B5707-BB51-465D-9B9E-1A22215E3D97}"
EndProject
Project("{2150E333-8FDC-42A3-9474-1A3956D46DE8}") = "ServiceLocator", "ServiceLocator", "{77C42498-0164-4210-8DC4-2D61B0E3603E}"
EndProject
Project("{2150E333-8FDC-42A3-9474-1A3956D46DE8}") = "Web", "Web", "{3B75B756-5FD0-40A0-BF0E-9D28F82E7839}"
EndProject
Project("{9A19103F-16F7-4668-BE54-9A1E7A4F7556}") = "Carpo.Core", "src\Core\Carpo.Core\Carpo.Core.csproj", "{C9E5B995-AE8A-489C-9AB5-AF02560FB50E}"
EndProject
Project("{9A19103F-16F7-4668-BE54-9A1E7A4F7556}") = "Carpo.Core.Domain", "src\Core\Carpo.Core.Domain\Carpo.Core.Domain.csproj", "{54A151DA-B5B9-4161-979A-8877628024C2}"
EndProject
Project("{9A19103F-16F7-4668-BE54-9A1E7A4F7556}") = "Carpo.Core.Extension", "src\Core\Carpo.Core.Extension\Carpo.Core.Extension.csproj", "{E161EDCC-F072-4246-8FB9-094CF31E5C43}"
EndProject
Project("{9A19103F-16F7-4668-BE54-9A1E7A4F7556}") = "Carpo.Core.Interface", "src\Core\Carpo.Core.Interface\Carpo.Core.Interface.csproj", "{561D6546-F77A-405F-ACF7-CFF7BB644070}"
EndProject
Project("{9A19103F-16F7-4668-BE54-9A1E7A4F7556}") = "Carpo.Core.ServiceLocator", "src\Core\Carpo.Core.ServiceLocator\Carpo.Core.ServiceLocator.csproj", "{AD34E038-31B2-4D4C-A688-7B6A0FB9A4A7}"
EndProject
Project("{9A19103F-16F7-4668-BE54-9A1E7A4F7556}") = "Carpo.Core.Web.Api", "src\Core\Carpo.Core.Web.Api\Carpo.Core.Web.Api.csproj", "{F7E05356-1E0A-4734-A28E-3B7F62C74DE8}"
EndProject
Project("{2150E333-8FDC-42A3-9474-1A3956D46DE8}") = "Data", "Data", "{1A03D2C7-0C02-466E-885A-04B1F5BDE1A3}"
EndProject
Project("{9A19103F-16F7-4668-BE54-9A1E7A4F7556}") = "Carpo.Data.EFCore", "src\Data\Carpo.Data.EFCore\Carpo.Data.EFCore.csproj", "{DF95C871-5692-4763-8A2D-BCB703A4D7F9}"
EndProject
Project("{9A19103F-16F7-4668-BE54-9A1E7A4F7556}") = "Carpo.Data.EFCore.RepositoryBase", "src\Data\Carpo.Data.EFCore.RepositoryBase\Carpo.Data.EFCore.RepositoryBase.csproj", "{277EEA2A-7EBF-4E31-ACE9-62B2A68A643A}"
EndProject
Project("{9A19103F-16F7-4668-BE54-9A1E7A4F7556}") = "Carpo.Data.EFCore.Test", "src\Data\Carpo.Data.EFCore.Test\Carpo.Data.EFCore.Test.csproj", "{478C17C5-735B-48AE-B2D3-7D1D3B81BCEC}"
EndProject
Project("{FAE04EC0-301F-11D3-BF4B-00C04F79EFBC}") = "Carpo.Data.Sql.Documentation", "src\Data\Carpo.Data.Sql.Documentation\Carpo.Data.Sql.Documentation.csproj", "{B3BB6317-C3F6-4455-B3B0-CCA3DD8D8B4A}"
EndProject
Global
	GlobalSection(SolutionConfigurationPlatforms) = preSolution
		Debug|Any CPU = Debug|Any CPU
		Release|Any CPU = Release|Any CPU
	EndGlobalSection
	GlobalSection(ProjectConfigurationPlatforms) = postSolution
		{C9E5B995-AE8A-489C-9AB5-AF02560FB50E}.Debug|Any CPU.ActiveCfg = Debug|Any CPU
		{C9E5B995-AE8A-489C-9AB5-AF02560FB50E}.Debug|Any CPU.Build.0 = Debug|Any CPU
		{C9E5B995-AE8A-489C-9AB5-AF02560FB50E}.Release|Any CPU.ActiveCfg = Release|Any CPU
		{C9E5B995-AE8A-489C-9AB5-AF02560FB50E}.Release|Any CPU.Build.0 = Release|Any CPU
		{54A151DA-B5B9-4161-979A-8877628024C2}.Debug|Any CPU.ActiveCfg = Debug|Any CPU
		{54A151DA-B5B9-4161-979A-8877628024C2}.Debug|Any CPU.Build.0 = Debug|Any CPU
		{54A151DA-B5B9-4161-979A-8877628024C2}.Release|Any CPU.ActiveCfg = Release|Any CPU
		{54A151DA-B5B9-4161-979A-8877628024C2}.Release|Any CPU.Build.0 = Release|Any CPU
		{E161EDCC-F072-4246-8FB9-094CF31E5C43}.Debug|Any CPU.ActiveCfg = Debug|Any CPU
		{E161EDCC-F072-4246-8FB9-094CF31E5C43}.Debug|Any CPU.Build.0 = Debug|Any CPU
		{E161EDCC-F072-4246-8FB9-094CF31E5C43}.Release|Any CPU.ActiveCfg = Release|Any CPU
		{E161EDCC-F072-4246-8FB9-094CF31E5C43}.Release|Any CPU.Build.0 = Release|Any CPU
		{561D6546-F77A-405F-ACF7-CFF7BB644070}.Debug|Any CPU.ActiveCfg = Debug|Any CPU
		{561D6546-F77A-405F-ACF7-CFF7BB644070}.Debug|Any CPU.Build.0 = Debug|Any CPU
		{561D6546-F77A-405F-ACF7-CFF7BB644070}.Release|Any CPU.ActiveCfg = Release|Any CPU
		{561D6546-F77A-405F-ACF7-CFF7BB644070}.Release|Any CPU.Build.0 = Release|Any CPU
		{AD34E038-31B2-4D4C-A688-7B6A0FB9A4A7}.Debug|Any CPU.ActiveCfg = Debug|Any CPU
		{AD34E038-31B2-4D4C-A688-7B6A0FB9A4A7}.Debug|Any CPU.Build.0 = Debug|Any CPU
		{AD34E038-31B2-4D4C-A688-7B6A0FB9A4A7}.Release|Any CPU.ActiveCfg = Release|Any CPU
		{AD34E038-31B2-4D4C-A688-7B6A0FB9A4A7}.Release|Any CPU.Build.0 = Release|Any CPU
		{F7E05356-1E0A-4734-A28E-3B7F62C74DE8}.Debug|Any CPU.ActiveCfg = Debug|Any CPU
		{F7E05356-1E0A-4734-A28E-3B7F62C74DE8}.Debug|Any CPU.Build.0 = Debug|Any CPU
		{F7E05356-1E0A-4734-A28E-3B7F62C74DE8}.Release|Any CPU.ActiveCfg = Release|Any CPU
		{F7E05356-1E0A-4734-A28E-3B7F62C74DE8}.Release|Any CPU.Build.0 = Release|Any CPU
		{DF95C871-5692-4763-8A2D-BCB703A4D7F9}.Debug|Any CPU.ActiveCfg = Debug|Any CPU
		{DF95C871-5692-4763-8A2D-BCB703A4D7F9}.Debug|Any CPU.Build.0 = Debug|Any CPU
		{DF95C871-5692-4763-8A2D-BCB703A4D7F9}.Release|Any CPU.ActiveCfg = Release|Any CPU
		{DF95C871-5692-4763-8A2D-BCB703A4D7F9}.Release|Any CPU.Build.0 = Release|Any CPU
		{277EEA2A-7EBF-4E31-ACE9-62B2A68A643A}.Debug|Any CPU.ActiveCfg = Debug|Any CPU
		{277EEA2A-7EBF-4E31-ACE9-62B2A68A643A}.Debug|Any CPU.Build.0 = Debug|Any CPU
		{277EEA2A-7EBF-4E31-ACE9-62B2A68A643A}.Release|Any CPU.ActiveCfg = Release|Any CPU
		{277EEA2A-7EBF-4E31-ACE9-62B2A68A643A}.Release|Any CPU.Build.0 = Release|Any CPU
		{478C17C5-735B-48AE-B2D3-7D1D3B81BCEC}.Debug|Any CPU.ActiveCfg = Debug|Any CPU
		{478C17C5-735B-48AE-B2D3-7D1D3B81BCEC}.Debug|Any CPU.Build.0 = Debug|Any CPU
		{478C17C5-735B-48AE-B2D3-7D1D3B81BCEC}.Release|Any CPU.ActiveCfg = Release|Any CPU
		{478C17C5-735B-48AE-B2D3-7D1D3B81BCEC}.Release|Any CPU.Build.0 = Release|Any CPU
		{B3BB6317-C3F6-4455-B3B0-CCA3DD8D8B4A}.Debug|Any CPU.ActiveCfg = Debug|Any CPU
		{B3BB6317-C3F6-4455-B3B0-CCA3DD8D8B4A}.Debug|Any CPU.Build.0 = Debug|Any CPU
		{B3BB6317-C3F6-4455-B3B0-CCA3DD8D8B4A}.Release|Any CPU.ActiveCfg = Release|Any CPU
		{B3BB6317-C3F6-4455-B3B0-CCA3DD8D8B4A}.Release|Any CPU.Build.0 = Release|Any CPU
	EndGlobalSection
	GlobalSection(SolutionProperties) = preSolution
		HideSolutionNode = FALSE
	EndGlobalSection
	GlobalSection(NestedProjects) = preSolution
		{9ACC3A31-9636-46D4-A364-C12D77C8591F} = {D9D51364-8E01-4524-970D-52E33A03F806}
		{60BE727B-E987-4E5E-ADC1-139D69A9030B} = {D9D51364-8E01-4524-970D-52E33A03F806}
		{309B5707-BB51-465D-9B9E-1A22215E3D97} = {D9D51364-8E01-4524-970D-52E33A03F806}
		{77C42498-0164-4210-8DC4-2D61B0E3603E} = {D9D51364-8E01-4524-970D-52E33A03F806}
		{3B75B756-5FD0-40A0-BF0E-9D28F82E7839} = {D9D51364-8E01-4524-970D-52E33A03F806}
		{C9E5B995-AE8A-489C-9AB5-AF02560FB50E} = {D9D51364-8E01-4524-970D-52E33A03F806}
		{54A151DA-B5B9-4161-979A-8877628024C2} = {9ACC3A31-9636-46D4-A364-C12D77C8591F}
		{E161EDCC-F072-4246-8FB9-094CF31E5C43} = {60BE727B-E987-4E5E-ADC1-139D69A9030B}
		{561D6546-F77A-405F-ACF7-CFF7BB644070} = {309B5707-BB51-465D-9B9E-1A22215E3D97}
		{AD34E038-31B2-4D4C-A688-7B6A0FB9A4A7} = {77C42498-0164-4210-8DC4-2D61B0E3603E}
		{F7E05356-1E0A-4734-A28E-3B7F62C74DE8} = {3B75B756-5FD0-40A0-BF0E-9D28F82E7839}
		{DF95C871-5692-4763-8A2D-BCB703A4D7F9} = {1A03D2C7-0C02-466E-885A-04B1F5BDE1A3}
		{277EEA2A-7EBF-4E31-ACE9-62B2A68A643A} = {1A03D2C7-0C02-466E-885A-04B1F5BDE1A3}
		{478C17C5-735B-48AE-B2D3-7D1D3B81BCEC} = {1A03D2C7-0C02-466E-885A-04B1F5BDE1A3}
		{B3BB6317-C3F6-4455-B3B0-CCA3DD8D8B4A} = {1A03D2C7-0C02-466E-885A-04B1F5BDE1A3}
	EndGlobalSection
	GlobalSection(ExtensibilityGlobals) = postSolution
		SolutionGuid = {D18D4216-569B-4E2A-9E39-A246590A69C8}
	EndGlobalSection
EndGlobal
